
Microsoft Visual Studio Solution File, Format Version 12.00
# Visual Studio 15
VisualStudioVersion = 15.0.28307.421
MinimumVisualStudioVersion = 10.0.40219.1
Project("{888888A0-9F3D-457C-B088-3A5042F75D52}") = "WebCamStreamingPy", "WebCamStreamingPy.pyproj", "{EA39188E-39CA-4A20-88DF-38C8F752A786}"
EndProject
Global
	GlobalSection(SolutionConfigurationPlatforms) = preSolution
		Debug|Any CPU = Debug|Any CPU
		Release|Any CPU = Release|Any CPU
	EndGlobalSection
	GlobalSection(ProjectConfigurationPlatforms) = postSolution
		{EA39188E-39CA-4A20-88DF-38C8F752A786}.Debug|Any CPU.ActiveCfg = Debug|Any CPU
		{EA39188E-39CA-4A20-88DF-38C8F752A786}.Release|Any CPU.ActiveCfg = Release|Any CPU
	EndGlobalSection
	GlobalSection(SolutionProperties) = preSolution
		HideSolutionNode = FALSE
	EndGlobalSection
	GlobalSection(ExtensibilityGlobals) = postSolution
		SolutionGuid = {24B0C552-1B1D-49D8-A8C1-F21C1C17CBCF}
	EndGlobalSection
EndGlobal
